{"is_source_file": false, "format": "", "description": "", "external_files": [], "external_methods": [], "published": [], "classes": [], "methods": [], "calls": [], "search-terms": [], "state": 2, "file_id": 8, "knowledge_revision": 33, "git_revision": "a684ea9df4f56c0b1f3542ed6675a91fc9ad4014", "hash": "9c4ed7ef73e22b872b8055bec08b8979", "format-version": 4, "code-base-name": "default", "filename": "chromatic_canvas/post_process_status.lock", "revision_history": [{"33": "a684ea9df4f56c0b1f3542ed6675a91fc9ad4014"}]}