{"is_source_file": false, "format": "", "description": "", "external_files": [], "external_methods": [], "published": [], "classes": [], "methods": [], "calls": [], "search-terms": [], "state": 2, "file_id": 23, "knowledge_revision": 47, "git_revision": "aaf325bbfabf3670450bb6a334a6330050a2afcf", "hash": "e9b4c3b42cef0193b7fddb548d37e652", "format-version": 4, "code-base-name": "default", "filename": "chromatic_canvas/post_process_status.lock", "revision_history": [{"47": "aaf325bbfabf3670450bb6a334a6330050a2afcf"}]}